
Microsoft Visual Studio Solution File, Format Version 12.00
# Visual Studio Version 17
VisualStudioVersion = 17.9.34728.123
MinimumVisualStudioVersion = 10.0.40219.1
Project("{8BC9CEB8-8B4A-11D0-8D11-00A0C91BC942}") = "project5", "project5\project5.vcxproj", "{E64D51BF-82EA-4362-A3E9-2EEA782768A6}"
EndProject
Project("{8BC9CEB8-8B4A-11D0-8D11-00A0C91BC942}") = "Project1", "Project1\Project1.vcxproj", "{1EEC5ADD-4C4E-4858-8A9E-2A07A02AA2C5}"
EndProject
Project("{8BC9CEB8-8B4A-11D0-8D11-00A0C91BC942}") = "Project2", "Project2\Project2.vcxproj", "{79535199-9982-4CD0-B82D-98A16241B591}"
EndProject
Project("{8BC9CEB8-8B4A-11D0-8D11-00A0C91BC942}") = "Project3", "Project3\Project3.vcxproj", "{528CA250-10BF-4B12-9A1E-266D72C6356E}"
EndProject
Global
	GlobalSection(SolutionConfigurationPlatforms) = preSolution
		Debug|x64 = Debug|x64
		Debug|x86 = Debug|x86
		Release|x64 = Release|x64
		Release|x86 = Release|x86
	EndGlobalSection
	GlobalSection(ProjectConfigurationPlatforms) = postSolution
		{E64D51BF-82EA-4362-A3E9-2EEA782768A6}.Debug|x64.ActiveCfg = Debug|x64
		{E64D51BF-82EA-4362-A3E9-2EEA782768A6}.Debug|x64.Build.0 = Debug|x64
		{E64D51BF-82EA-4362-A3E9-2EEA782768A6}.Debug|x86.ActiveCfg = Debug|Win32
		{E64D51BF-82EA-4362-A3E9-2EEA782768A6}.Debug|x86.Build.0 = Debug|Win32
		{E64D51BF-82EA-4362-A3E9-2EEA782768A6}.Release|x64.ActiveCfg = Release|x64
		{E64D51BF-82EA-4362-A3E9-2EEA782768A6}.Release|x64.Build.0 = Release|x64
		{E64D51BF-82EA-4362-A3E9-2EEA782768A6}.Release|x86.ActiveCfg = Release|Win32
		{E64D51BF-82EA-4362-A3E9-2EEA782768A6}.Release|x86.Build.0 = Release|Win32
		{1EEC5ADD-4C4E-4858-8A9E-2A07A02AA2C5}.Debug|x64.ActiveCfg = Debug|x64
		{1EEC5ADD-4C4E-4858-8A9E-2A07A02AA2C5}.Debug|x64.Build.0 = Debug|x64
		{1EEC5ADD-4C4E-4858-8A9E-2A07A02AA2C5}.Debug|x86.ActiveCfg = Debug|Win32
		{1EEC5ADD-4C4E-4858-8A9E-2A07A02AA2C5}.Debug|x86.Build.0 = Debug|Win32
		{1EEC5ADD-4C4E-4858-8A9E-2A07A02AA2C5}.Release|x64.ActiveCfg = Release|x64
		{1EEC5ADD-4C4E-4858-8A9E-2A07A02AA2C5}.Release|x64.Build.0 = Release|x64
		{1EEC5ADD-4C4E-4858-8A9E-2A07A02AA2C5}.Release|x86.ActiveCfg = Release|Win32
		{1EEC5ADD-4C4E-4858-8A9E-2A07A02AA2C5}.Release|x86.Build.0 = Release|Win32
		{79535199-9982-4CD0-B82D-98A16241B591}.Debug|x64.ActiveCfg = Debug|x64
		{79535199-9982-4CD0-B82D-98A16241B591}.Debug|x64.Build.0 = Debug|x64
		{79535199-9982-4CD0-B82D-98A16241B591}.Debug|x86.ActiveCfg = Debug|Win32
		{79535199-9982-4CD0-B82D-98A16241B591}.Debug|x86.Build.0 = Debug|Win32
		{79535199-9982-4CD0-B82D-98A16241B591}.Release|x64.ActiveCfg = Release|x64
		{79535199-9982-4CD0-B82D-98A16241B591}.Release|x64.Build.0 = Release|x64
		{79535199-9982-4CD0-B82D-98A16241B591}.Release|x86.ActiveCfg = Release|Win32
		{79535199-9982-4CD0-B82D-98A16241B591}.Release|x86.Build.0 = Release|Win32
		{528CA250-10BF-4B12-9A1E-266D72C6356E}.Debug|x64.ActiveCfg = Debug|x64
		{528CA250-10BF-4B12-9A1E-266D72C6356E}.Debug|x64.Build.0 = Debug|x64
		{528CA250-10BF-4B12-9A1E-266D72C6356E}.Debug|x86.ActiveCfg = Debug|Win32
		{528CA250-10BF-4B12-9A1E-266D72C6356E}.Debug|x86.Build.0 = Debug|Win32
		{528CA250-10BF-4B12-9A1E-266D72C6356E}.Release|x64.ActiveCfg = Release|x64
		{528CA250-10BF-4B12-9A1E-266D72C6356E}.Release|x64.Build.0 = Release|x64
		{528CA250-10BF-4B12-9A1E-266D72C6356E}.Release|x86.ActiveCfg = Release|Win32
		{528CA250-10BF-4B12-9A1E-266D72C6356E}.Release|x86.Build.0 = Release|Win32
	EndGlobalSection
	GlobalSection(SolutionProperties) = preSolution
		HideSolutionNode = FALSE
	EndGlobalSection
	GlobalSection(ExtensibilityGlobals) = postSolution
		SolutionGuid = {2B954419-794F-41E6-8CAE-A71C89FF296C}
	EndGlobalSection
EndGlobal
